github.com/andres085/go-dog v0.0.0-20240120154406-593ff0043c63 h1:+B/EB732R21GMtQ9vvwBYZT3bD2jklYSkFabqre8z6o=
github.com/andres085/go-dog v0.0.0-20240120154406-593ff0043c63/go.mod h1:qK5KDfA5yKOgw6hmquSiDXksckGNDKfCgSLS0qe/Z0w=
github.com/andres085/go-puppy v0.0.0-20240120145721-ccb637bf3f45 h1:VGbUp9MSeIbppl6J9H8eYeWicC3JKidvUQVd5FmUzRw=
github.com/andres085/go-puppy v0.0.0-20240120145721-ccb637bf3f45/go.mod h1:OACSWJZr0PoCUup7TNIC26kIQI7lMZV6sn6GT99Q4eI=
github.com/andres085/go-puppy v0.0.0-20240120154649-89c190621dbc h1:A7fYR96Osx2PMIxqKuu78zHWCp4+XP9S6lIPvDHU1pE=
github.com/andres085/go-puppy v0.0.0-20240120154649-89c190621dbc/go.mod h1:jHhjsLWJl/q5s2vHrH0QgH2QGiY99gPa5Au8x2Yq+X4=
